
Microsoft Visual Studio Solution File, Format Version 12.00
# Visual Studio Version 17
VisualStudioVersion = 17.0.32126.317
MinimumVisualStudioVersion = 10.0.40219.1
Project("{F184B08F-C81C-45F6-A57F-5ABD9991F28F}") = "BMI Formula", "BMI Formula.vbproj", "{F1E21DA5-E835-4E73-A118-00B442DD5B94}"
EndProject
Global
	GlobalSection(SolutionConfigurationPlatforms) = preSolution
		Debug|Any CPU = Debug|Any CPU
		Release|Any CPU = Release|Any CPU
	EndGlobalSection
	GlobalSection(ProjectConfigurationPlatforms) = postSolution
		{F1E21DA5-E835-4E73-A118-00B442DD5B94}.Debug|Any CPU.ActiveCfg = Debug|Any CPU
		{F1E21DA5-E835-4E73-A118-00B442DD5B94}.Debug|Any CPU.Build.0 = Debug|Any CPU
		{F1E21DA5-E835-4E73-A118-00B442DD5B94}.Release|Any CPU.ActiveCfg = Release|Any CPU
		{F1E21DA5-E835-4E73-A118-00B442DD5B94}.Release|Any CPU.Build.0 = Release|Any CPU
	EndGlobalSection
	GlobalSection(SolutionProperties) = preSolution
		HideSolutionNode = FALSE
	EndGlobalSection
	GlobalSection(ExtensibilityGlobals) = postSolution
		SolutionGuid = {98D57AAC-8D62-487E-A77E-E4A312550F1B}
	EndGlobalSection
EndGlobal
